
Microsoft Visual Studio Solution File, Format Version 12.00
# Visual Studio Version 16
VisualStudioVersion = 16.0.31624.102
MinimumVisualStudioVersion = 10.0.40219.1
Project("{9A19103F-16F7-4668-BE54-9A1E7A4F7556}") = "GroupAssignment3", "GroupAssignment3\GroupAssignment3.csproj", "{3E4B4C34-A860-4FB6-AFFC-BB59D672FBB5}"
EndProject
Global
	GlobalSection(SolutionConfigurationPlatforms) = preSolution
		Debug|Any CPU = Debug|Any CPU
		Release|Any CPU = Release|Any CPU
	EndGlobalSection
	GlobalSection(ProjectConfigurationPlatforms) = postSolution
		{3E4B4C34-A860-4FB6-AFFC-BB59D672FBB5}.Debug|Any CPU.ActiveCfg = Debug|Any CPU
		{3E4B4C34-A860-4FB6-AFFC-BB59D672FBB5}.Debug|Any CPU.Build.0 = Debug|Any CPU
		{3E4B4C34-A860-4FB6-AFFC-BB59D672FBB5}.Release|Any CPU.ActiveCfg = Release|Any CPU
		{3E4B4C34-A860-4FB6-AFFC-BB59D672FBB5}.Release|Any CPU.Build.0 = Release|Any CPU
	EndGlobalSection
	GlobalSection(SolutionProperties) = preSolution
		HideSolutionNode = FALSE
	EndGlobalSection
	GlobalSection(ExtensibilityGlobals) = postSolution
		SolutionGuid = {B94F621E-2FD1-48B0-91FA-E06A0671F628}
	EndGlobalSection
EndGlobal
